
Microsoft Visual Studio Solution File, Format Version 12.00
# Visual Studio Version 17
VisualStudioVersion = 17.5.33424.131
MinimumVisualStudioVersion = 10.0.40219.1
Project("{FAE04EC0-301F-11D3-BF4B-00C04F79EFBC}") = "LMSWebAPI", "LMSWebAPI\LMSWebAPI.csproj", "{04279710-1759-4C87-8AD7-F034F6060E36}"
EndProject
Project("{FAE04EC0-301F-11D3-BF4B-00C04F79EFBC}") = "LMSWebAPI.Tests", "LMSWebAPI.Tests\LMSWebAPI.Tests.csproj", "{A6D05DFE-68DB-4A62-8F30-037E7F459F95}"
EndProject
Global
	GlobalSection(SolutionConfigurationPlatforms) = preSolution
		Debug|Any CPU = Debug|Any CPU
		Release|Any CPU = Release|Any CPU
	EndGlobalSection
	GlobalSection(ProjectConfigurationPlatforms) = postSolution
		{04279710-1759-4C87-8AD7-F034F6060E36}.Debug|Any CPU.ActiveCfg = Debug|Any CPU
		{04279710-1759-4C87-8AD7-F034F6060E36}.Debug|Any CPU.Build.0 = Debug|Any CPU
		{04279710-1759-4C87-8AD7-F034F6060E36}.Release|Any CPU.ActiveCfg = Release|Any CPU
		{04279710-1759-4C87-8AD7-F034F6060E36}.Release|Any CPU.Build.0 = Release|Any CPU
		{A6D05DFE-68DB-4A62-8F30-037E7F459F95}.Debug|Any CPU.ActiveCfg = Debug|Any CPU
		{A6D05DFE-68DB-4A62-8F30-037E7F459F95}.Debug|Any CPU.Build.0 = Debug|Any CPU
		{A6D05DFE-68DB-4A62-8F30-037E7F459F95}.Release|Any CPU.ActiveCfg = Release|Any CPU
		{A6D05DFE-68DB-4A62-8F30-037E7F459F95}.Release|Any CPU.Build.0 = Release|Any CPU
	EndGlobalSection
	GlobalSection(SolutionProperties) = preSolution
		HideSolutionNode = FALSE
	EndGlobalSection
	GlobalSection(ExtensibilityGlobals) = postSolution
		SolutionGuid = {7981A030-46FC-4813-8A78-D08F0B674A41}
	EndGlobalSection
EndGlobal
